
Microsoft Visual Studio Solution File, Format Version 12.00
# Visual Studio Version 17
VisualStudioVersion = 17.7.34031.279
MinimumVisualStudioVersion = 10.0.40219.1
Project("{FAE04EC0-301F-11D3-BF4B-00C04F79EFBC}") = "ProyectoOL", "ProyectoOL\ProyectoOL.csproj", "{C35D958C-1296-411B-A516-3835A971BBF9}"
EndProject
Project("{2150E333-8FDC-42A3-9474-1A3956D46DE8}") = "NewFolder1", "NewFolder1", "{02EE67BD-BCC6-463D-A8C2-CD369BB52649}"
EndProject
Global
	GlobalSection(SolutionConfigurationPlatforms) = preSolution
		Debug|Any CPU = Debug|Any CPU
		Release|Any CPU = Release|Any CPU
	EndGlobalSection
	GlobalSection(ProjectConfigurationPlatforms) = postSolution
		{C35D958C-1296-411B-A516-3835A971BBF9}.Debug|Any CPU.ActiveCfg = Debug|Any CPU
		{C35D958C-1296-411B-A516-3835A971BBF9}.Debug|Any CPU.Build.0 = Debug|Any CPU
		{C35D958C-1296-411B-A516-3835A971BBF9}.Release|Any CPU.ActiveCfg = Release|Any CPU
		{C35D958C-1296-411B-A516-3835A971BBF9}.Release|Any CPU.Build.0 = Release|Any CPU
	EndGlobalSection
	GlobalSection(SolutionProperties) = preSolution
		HideSolutionNode = FALSE
	EndGlobalSection
	GlobalSection(ExtensibilityGlobals) = postSolution
		SolutionGuid = {7C5C1D8A-36F5-4638-AEB6-A0158E34EF41}
	EndGlobalSection
EndGlobal
